
Microsoft Visual Studio Solution File, Format Version 12.00
# Visual Studio Version 17
VisualStudioVersion = 17.14.36915.13 d17.14
MinimumVisualStudioVersion = 10.0.40219.1
Project("{FAE04EC0-301F-11D3-BF4B-00C04F79EFBC}") = "ProductApi", "ProductApi\ProductApi.csproj", "{BF2ADF8F-5607-49F4-9F30-EC306CE39928}"
EndProject
Global
	GlobalSection(SolutionConfigurationPlatforms) = preSolution
		Debug|Any CPU = Debug|Any CPU
		Release|Any CPU = Release|Any CPU
	EndGlobalSection
	GlobalSection(ProjectConfigurationPlatforms) = postSolution
		{BF2ADF8F-5607-49F4-9F30-EC306CE39928}.Debug|Any CPU.ActiveCfg = Debug|Any CPU
		{BF2ADF8F-5607-49F4-9F30-EC306CE39928}.Debug|Any CPU.Build.0 = Debug|Any CPU
		{BF2ADF8F-5607-49F4-9F30-EC306CE39928}.Release|Any CPU.ActiveCfg = Release|Any CPU
		{BF2ADF8F-5607-49F4-9F30-EC306CE39928}.Release|Any CPU.Build.0 = Release|Any CPU
	EndGlobalSection
	GlobalSection(SolutionProperties) = preSolution
		HideSolutionNode = FALSE
	EndGlobalSection
	GlobalSection(ExtensibilityGlobals) = postSolution
		SolutionGuid = {23DAAE09-41C7-483E-9C3A-8C99A798A388}
	EndGlobalSection
EndGlobal
